
Microsoft Visual Studio Solution File, Format Version 12.00
Project("{FAE04EC0-301F-11D3-BF4B-00C04F79EFBC}") = "Domein", "Domein\Domein.csproj", "{F8CCA643-F220-4135-9CE5-540550217197}"
EndProject
Project("{FAE04EC0-301F-11D3-BF4B-00C04F79EFBC}") = "TestSystem", "TestSystem\TestSystem.csproj", "{4AE24203-26BD-4042-BE91-613C8F95A827}"
EndProject
Global
	GlobalSection(SolutionConfigurationPlatforms) = preSolution
		Debug|Any CPU = Debug|Any CPU
		Release|Any CPU = Release|Any CPU
	EndGlobalSection
	GlobalSection(ProjectConfigurationPlatforms) = postSolution
		{F8CCA643-F220-4135-9CE5-540550217197}.Debug|Any CPU.ActiveCfg = Debug|Any CPU
		{F8CCA643-F220-4135-9CE5-540550217197}.Debug|Any CPU.Build.0 = Debug|Any CPU
		{F8CCA643-F220-4135-9CE5-540550217197}.Release|Any CPU.ActiveCfg = Release|Any CPU
		{F8CCA643-F220-4135-9CE5-540550217197}.Release|Any CPU.Build.0 = Release|Any CPU
		{4AE24203-26BD-4042-BE91-613C8F95A827}.Debug|Any CPU.ActiveCfg = Debug|Any CPU
		{4AE24203-26BD-4042-BE91-613C8F95A827}.Debug|Any CPU.Build.0 = Debug|Any CPU
		{4AE24203-26BD-4042-BE91-613C8F95A827}.Release|Any CPU.ActiveCfg = Release|Any CPU
		{4AE24203-26BD-4042-BE91-613C8F95A827}.Release|Any CPU.Build.0 = Release|Any CPU
	EndGlobalSection
EndGlobal
